// !$*UTF8*$!
{
	archiveVersion = 1;
	classes = {
	};
	objectVersion = 56;
	objects = {

/* Begin PBXBuildFile section */
		BA91379C28D814F600F8BAD7 /* AppDelegate.swift in Sources */ = {isa = PBXBuildFile; fileRef = BA91379B28D814F600F8BAD7 /* AppDelegate.swift */; };
		BA91379E28D814F600F8BAD7 /* SceneDelegate.swift in Sources */ = {isa = PBXBuildFile; fileRef = BA91379D28D814F600F8BAD7 /* SceneDelegate.swift */; };
		BA9137A028D814F600F8BAD7 /* ViewController.swift in Sources */ = {isa = PBXBuildFile; fileRef = BA91379F28D814F600F8BAD7 /* ViewController.swift */; };
		BA9137A328D814F600F8BAD7 /* Main.storyboard in Resources */ = {isa = PBXBuildFile; fileRef = BA9137A128D814F600F8BAD7 /* Main.storyboard */; };
		BA9137A528D814F700F8BAD7 /* Assets.xcassets in Resources */ = {isa = PBXBuildFile; fileRef = BA9137A428D814F700F8BAD7 /* Assets.xcassets */; };
		BA9137A828D814F700F8BAD7 /* LaunchScreen.storyboard in Resources */ = {isa = PBXBuildFile; fileRef = BA9137A628D814F700F8BAD7 /* LaunchScreen.storyboard */; };
		BA9137B128D8159700F8BAD7 /* JTAppleCalendar in Frameworks */ = {isa = PBXBuildFile; productRef = BA9137B028D8159700F8BAD7 /* JTAppleCalendar */; };
		BA9137BF28D82C5F00F8BAD7 /* MyCalenderViewCell.swift in Sources */ = {isa = PBXBuildFile; fileRef = BA9137BE28D82C5F00F8BAD7 /* MyCalenderViewCell.swift */; };
		BA9137C128D82D5400F8BAD7 /* MyCalenderViewCell.xib in Resources */ = {isa = PBXBuildFile; fileRef = BA9137C028D82D5400F8BAD7 /* MyCalenderViewCell.xib */; };
		BA9137C528D83ACC00F8BAD7 /* MyCalenderView.swift in Sources */ = {isa = PBXBuildFile; fileRef = BA9137C428D83ACC00F8BAD7 /* MyCalenderView.swift */; };
/* End PBXBuildFile section */

/* Begin PBXFileReference section */
		BA91379828D814F600F8BAD7 /* calender.app */ = {isa = PBXFileReference; explicitFileType = wrapper.application; includeInIndex = 0; path = calender.app; sourceTree = BUILT_PRODUCTS_DIR; };
		BA91379B28D814F600F8BAD7 /* AppDelegate.swift */ = {isa = PBXFileReference; lastKnownFileType = sourcecode.swift; path = AppDelegate.swift; sourceTree = "<group>"; };
		BA91379D28D814F600F8BAD7 /* SceneDelegate.swift */ = {isa = PBXFileReference; lastKnownFileType = sourcecode.swift; path = SceneDelegate.swift; sourceTree = "<group>"; };
		BA91379F28D814F600F8BAD7 /* ViewController.swift */ = {isa = PBXFileReference; lastKnownFileType = sourcecode.swift; path = ViewController.swift; sourceTree = "<group>"; };
		BA9137A228D814F600F8BAD7 /* Base */ = {isa = PBXFileReference; lastKnownFileType = file.storyboard; name = Base; path = Base.lproj/Main.storyboard; sourceTree = "<group>"; };
		BA9137A428D814F700F8BAD7 /* Assets.xcassets */ = {isa = PBXFileReference; lastKnownFileType = folder.assetcatalog; path = Assets.xcassets; sourceTree = "<group>"; };
		BA9137A728D814F700F8BAD7 /* Base */ = {isa = PBXFileReference; lastKnownFileType = file.storyboard; name = Base; path = Base.lproj/LaunchScreen.storyboard; sourceTree = "<group>"; };
		BA9137A928D814F700F8BAD7 /* Info.plist */ = {isa = PBXFileReference; lastKnownFileType = text.plist.xml; path = Info.plist; sourceTree = "<group>"; };
		BA9137BE28D82C5F00F8BAD7 /* MyCalenderViewCell.swift */ = {isa = PBXFileReference; lastKnownFileType = sourcecode.swift; path = MyCalenderViewCell.swift; sourceTree = "<group>"; };
		BA9137C028D82D5400F8BAD7 /* MyCalenderViewCell.xib */ = {isa = PBXFileReference; lastKnownFileType = file.xib; path = MyCalenderViewCell.xib; sourceTree = "<group>"; };
		BA9137C428D83ACC00F8BAD7 /* MyCalenderView.swift */ = {isa = PBXFileReference; lastKnownFileType = sourcecode.swift; path = MyCalenderView.swift; sourceTree = "<group>"; };
/* End PBXFileReference section */

/* Begin PBXFrameworksBuildPhase section */
		BA91379528D814F600F8BAD7 /* Frameworks */ = {
			isa = PBXFrameworksBuildPhase;
			buildActionMask = 2147483647;
			files = (
				BA9137B128D8159700F8BAD7 /* JTAppleCalendar in Frameworks */,
			);
			runOnlyForDeploymentPostprocessing = 0;
		};
/* End PBXFrameworksBuildPhase section */

/* Begin PBXGroup section */
		BA91378F28D814F600F8BAD7 = {
			isa = PBXGroup;
			children = (
				BA91379A28D814F600F8BAD7 /* calender */,
				BA91379928D814F600F8BAD7 /* Products */,
			);
			sourceTree = "<group>";
		};
		BA91379928D814F600F8BAD7 /* Products */ = {
			isa = PBXGroup;
			children = (
				BA91379828D814F600F8BAD7 /* calender.app */,
			);
			name = Products;
			sourceTree = "<group>";
		};
		BA91379A28D814F600F8BAD7 /* calender */ = {
			isa = PBXGroup;
			children = (
				BA91379B28D814F600F8BAD7 /* AppDelegate.swift */,
				BA91379D28D814F600F8BAD7 /* SceneDelegate.swift */,
				BA91379F28D814F600F8BAD7 /* ViewController.swift */,
				BA9137A128D814F600F8BAD7 /* Main.storyboard */,
				BA9137A428D814F700F8BAD7 /* Assets.xcassets */,
				BA9137A628D814F700F8BAD7 /* LaunchScreen.storyboard */,
				BA9137A928D814F700F8BAD7 /* Info.plist */,
				BA9137BE28D82C5F00F8BAD7 /* MyCalenderViewCell.swift */,
				BA9137C028D82D5400F8BAD7 /* MyCalenderViewCell.xib */,
				BA9137C428D83ACC00F8BAD7 /* MyCalenderView.swift */,
			);
			path = calender;
			sourceTree = "<group>";
		};
/* End PBXGroup section */

/* Begin PBXNativeTarget section */
		BA91379728D814F600F8BAD7 /* calender */ = {
			isa = PBXNativeTarget;
			buildConfigurationList = BA9137AC28D814F700F8BAD7 /* Build configuration list for PBXNativeTarget "calender" */;
			buildPhases = (
				BA91379428D814F600F8BAD7 /* Sources */,
				BA91379528D814F600F8BAD7 /* Frameworks */,
				BA91379628D814F600F8BAD7 /* Resources */,
			);
			buildRules = (
			);
			dependencies = (
			);
			name = calender;
			packageProductDependencies = (
				BA9137B028D8159700F8BAD7 /* JTAppleCalendar */,
			);
			productName = calender;
			productReference = BA91379828D814F600F8BAD7 /* calender.app */;
			productType = "com.apple.product-type.application";
		};
/* End PBXNativeTarget section */

/* Begin PBXProject section */
		BA91379028D814F600F8BAD7 /* Project object */ = {
			isa = PBXProject;
			attributes = {
				BuildIndependentTargetsInParallel = 1;
				LastSwiftUpdateCheck = 1400;
				LastUpgradeCheck = 1400;
				TargetAttributes = {
					BA91379728D814F600F8BAD7 = {
						CreatedOnToolsVersion = 14.0;
					};
				};
			};
			buildConfigurationList = BA91379328D814F600F8BAD7 /* Build configuration list for PBXProject "calender" */;
			compatibilityVersion = "Xcode 14.0";
			developmentRegion = en;
			hasScannedForEncodings = 0;
			knownRegions = (
				en,
				Base,
			);
			mainGroup = BA91378F28D814F600F8BAD7;
			packageReferences = (
				BA9137AF28D8159700F8BAD7 /* XCRemoteSwiftPackageReference "JTAppleCalendar" */,
			);
			productRefGroup = BA91379928D814F600F8BAD7 /* Products */;
			projectDirPath = "";
			projectRoot = "";
			targets = (
				BA91379728D814F600F8BAD7 /* calender */,
			);
		};
/* End PBXProject section */

/* Begin PBXResourcesBuildPhase section */
		BA91379628D814F600F8BAD7 /* Resources */ = {
			isa = PBXResourcesBuildPhase;
			buildActionMask = 2147483647;
			files = (
				BA9137A828D814F700F8BAD7 /* LaunchScreen.storyboard in Resources */,
				BA9137A528D814F700F8BAD7 /* Assets.xcassets in Resources */,
				BA9137C128D82D5400F8BAD7 /* MyCalenderViewCell.xib in Resources */,
				BA9137A328D814F600F8BAD7 /* Main.storyboard in Resources */,
			);
			runOnlyForDeploymentPostprocessing = 0;
		};
/* End PBXResourcesBuildPhase section */

/* Begin PBXSourcesBuildPhase section */
		BA91379428D814F600F8BAD7 /* Sources */ = {
			isa = PBXSourcesBuildPhase;
			buildActionMask = 2147483647;
			files = (
				BA9137A028D814F600F8BAD7 /* ViewController.swift in Sources */,
				BA91379C28D814F600F8BAD7 /* AppDelegate.swift in Sources */,
				BA9137C528D83ACC00F8BAD7 /* MyCalenderView.swift in Sources */,
				BA9137BF28D82C5F00F8BAD7 /* MyCalenderViewCell.swift in Sources */,
				BA91379E28D814F600F8BAD7 /* SceneDelegate.swift in Sources */,
			);
			runOnlyForDeploymentPostprocessing = 0;
		};
/* End PBXSourcesBuildPhase section */

/* Begin PBXVariantGroup section */
		BA9137A128D814F600F8BAD7 /* Main.storyboard */ = {
			isa = PBXVariantGroup;
			children = (
				BA9137A228D814F600F8BAD7 /* Base */,
			);
			name = Main.storyboard;
			sourceTree = "<group>";
		};
		BA9137A628D814F700F8BAD7 /* LaunchScreen.storyboard */ = {
			isa = PBXVariantGroup;
			children = (
				BA9137A728D814F700F8BAD7 /* Base */,
			);
			name = LaunchScreen.storyboard;
			sourceTree = "<group>";
		};
/* End PBXVariantGroup section */

/* Begin XCBuildConfiguration section */
		BA9137AA28D814F700F8BAD7 /* Debug */ = {
			isa = XCBuildConfiguration;
			buildSettings = {
				ALWAYS_SEARCH_USER_PATHS = NO;
				CLANG_ANALYZER_NONNULL = YES;
				CLANG_ANALYZER_NUMBER_OBJECT_CONVERSION = YES_AGGRESSIVE;
				CLANG_CXX_LANGUAGE_STANDARD = "gnu++20";
				CLANG_ENABLE_MODULES = YES;
				CLANG_ENABLE_OBJC_ARC = YES;
				CLANG_ENABLE_OBJC_WEAK = YES;
				CLANG_WARN_BLOCK_CAPTURE_AUTORELEASING = YES;
				CLANG_WARN_BOOL_CONVERSION = YES;
				CLANG_WARN_COMMA = YES;
				CLANG_WARN_CONSTANT_CONVERSION = YES;
				CLANG_WARN_DEPRECATED_OBJC_IMPLEMENTATIONS = YES;
				CLANG_WARN_DIRECT_OBJC_ISA_USAGE = YES_ERROR;
				CLANG_WARN_DOCUMENTATION_COMMENTS = YES;
				CLANG_WARN_EMPTY_BODY = YES;
				CLANG_WARN_ENUM_CONVERSION = YES;
				CLANG_WARN_INFINITE_RECURSION = YES;
				CLANG_WARN_INT_CONVERSION = YES;
				CLANG_WARN_NON_LITERAL_NULL_CONVERSION = YES;
				CLANG_WARN_OBJC_IMPLICIT_RETAIN_SELF = YES;
				CLANG_WARN_OBJC_LITERAL_CONVERSION = YES;
				CLANG_WARN_OBJC_ROOT_CLASS = YES_ERROR;
				CLANG_WARN_QUOTED_INCLUDE_IN_FRAMEWORK_HEADER = YES;
				CLANG_WARN_RANGE_LOOP_ANALYSIS = YES;
				CLANG_WARN_STRICT_PROTOTYPES = YES;
				CLANG_WARN_SUSPICIOUS_MOVE = YES;
				CLANG_WARN_UNGUARDED_AVAILABILITY = YES_AGGRESSIVE;
				CLANG_WARN_UNREACHABLE_CODE = YES;
				CLANG_WARN__DUPLICATE_METHOD_MATCH = YES;
				COPY_PHASE_STRIP = NO;
				DEBUG_INFORMATION_FORMAT = dwarf;
				ENABLE_STRICT_OBJC_MSGSEND = YES;
				ENABLE_TESTABILITY = YES;
				GCC_C_LANGUAGE_STANDARD = gnu11;
				GCC_DYNAMIC_NO_PIC = NO;
				GCC_NO_COMMON_BLOCKS = YES;
				GCC_OPTIMIZATION_LEVEL = 0;
				GCC_PREPROCESSOR_DEFINITIONS = (
					"DEBUG=1",
					"$(inherited)",
				);
				GCC_WARN_64_TO_32_BIT_CONVERSION = YES;
				GCC_WARN_ABOUT_RETURN_TYPE = YES_ERROR;
				GCC_WARN_UNDECLARED_SELECTOR = YES;
				GCC_WARN_UNINITIALIZED_AUTOS = YES_AGGRESSIVE;
				GCC_WARN_UNUSED_FUNCTION = YES;
				GCC_WARN_UNUSED_VARIABLE = YES;
				IPHONEOS_DEPLOYMENT_TARGET = 16.0;
				MTL_ENABLE_DEBUG_INFO = INCLUDE_SOURCE;
				MTL_FAST_MATH = YES;
				ONLY_ACTIVE_ARCH = YES;
				SDKROOT = iphoneos;
				SWIFT_ACTIVE_COMPILATION_CONDITIONS = DEBUG;
				SWIFT_OPTIMIZATION_LEVEL = "-Onone";
			};
			name = Debug;
		};
		BA9137AB28D814F700F8BAD7 /* Release */ = {
			isa = XCBuildConfiguration;
			buildSettings = {
				ALWAYS_SEARCH_USER_PATHS = NO;
				CLANG_ANALYZER_NONNULL = YES;
				CLANG_ANALYZER_NUMBER_OBJECT_CONVERSION = YES_AGGRESSIVE;
				CLANG_CXX_LANGUAGE_STANDARD = "gnu++20";
				CLANG_ENABLE_MODULES = YES;
				CLANG_ENABLE_OBJC_ARC = YES;
				CLANG_ENABLE_OBJC_WEAK = YES;
				CLANG_WARN_BLOCK_CAPTURE_AUTORELEASING = YES;
				CLANG_WARN_BOOL_CONVERSION = YES;
				CLANG_WARN_COMMA = YES;
				CLANG_WARN_CONSTANT_CONVERSION = YES;
				CLANG_WARN_DEPRECATED_OBJC_IMPLEMENTATIONS = YES;
				CLANG_WARN_DIRECT_OBJC_ISA_USAGE = YES_ERROR;
				CLANG_WARN_DOCUMENTATION_COMMENTS = YES;
				CLANG_WARN_EMPTY_BODY = YES;
				CLANG_WARN_ENUM_CONVERSION = YES;
				CLANG_WARN_INFINITE_RECURSION = YES;
				CLANG_WARN_INT_CONVERSION = YES;
				CLANG_WARN_NON_LITERAL_NULL_CONVERSION = YES;
				CLANG_WARN_OBJC_IMPLICIT_RETAIN_SELF = YES;
				CLANG_WARN_OBJC_LITERAL_CONVERSION = YES;
				CLANG_WARN_OBJC_ROOT_CLASS = YES_ERROR;
				CLANG_WARN_QUOTED_INCLUDE_IN_FRAMEWORK_HEADER = YES;
				CLANG_WARN_RANGE_LOOP_ANALYSIS = YES;
				CLANG_WARN_STRICT_PROTOTYPES = YES;
				CLANG_WARN_SUSPICIOUS_MOVE = YES;
				CLANG_WARN_UNGUARDED_AVAILABILITY = YES_AGGRESSIVE;
				CLANG_WARN_UNREACHABLE_CODE = YES;
				CLANG_WARN__DUPLICATE_METHOD_MATCH = YES;
				COPY_PHASE_STRIP = NO;
				DEBUG_INFORMATION_FORMAT = "dwarf-with-dsym";
				ENABLE_NS_ASSERTIONS = NO;
				ENABLE_STRICT_OBJC_MSGSEND = YES;
				GCC_C_LANGUAGE_STANDARD = gnu11;
				GCC_NO_COMMON_BLOCKS = YES;
				GCC_WARN_64_TO_32_BIT_CONVERSION = YES;
				GCC_WARN_ABOUT_RETURN_TYPE = YES_ERROR;
				GCC_WARN_UNDECLARED_SELECTOR = YES;
				GCC_WARN_UNINITIALIZED_AUTOS = YES_AGGRESSIVE;
				GCC_WARN_UNUSED_FUNCTION = YES;
				GCC_WARN_UNUSED_VARIABLE = YES;
				IPHONEOS_DEPLOYMENT_TARGET = 16.0;
				MTL_ENABLE_DEBUG_INFO = NO;
				MTL_FAST_MATH = YES;
				SDKROOT = iphoneos;
				SWIFT_COMPILATION_MODE = wholemodule;
				SWIFT_OPTIMIZATION_LEVEL = "-O";
				VALIDATE_PRODUCT = YES;
			};
			name = Release;
		};
		BA9137AD28D814F700F8BAD7 /* Debug */ = {
			isa = XCBuildConfiguration;
			buildSettings = {
				ASSETCATALOG_COMPILER_APPICON_NAME = AppIcon;
				ASSETCATALOG_COMPILER_GLOBAL_ACCENT_COLOR_NAME = AccentColor;
				CODE_SIGN_STYLE = Automatic;
				CURRENT_PROJECT_VERSION = 1;
				DEVELOPMENT_TEAM = 6RF7SCN9V3;
				GENERATE_INFOPLIST_FILE = YES;
				INFOPLIST_FILE = calender/Info.plist;
				INFOPLIST_KEY_UIApplicationSupportsIndirectInputEvents = YES;
				INFOPLIST_KEY_UILaunchStoryboardName = LaunchScreen;
				INFOPLIST_KEY_UIMainStoryboardFile = Main;
				INFOPLIST_KEY_UISupportedInterfaceOrientations_iPad = "UIInterfaceOrientationPortrait UIInterfaceOrientationPortraitUpsideDown UIInterfaceOrientationLandscapeLeft UIInterfaceOrientationLandscapeRight";
				INFOPLIST_KEY_UISupportedInterfaceOrientations_iPhone = "UIInterfaceOrientationPortrait UIInterfaceOrientationLandscapeLeft UIInterfaceOrientationLandscapeRight";
				LD_RUNPATH_SEARCH_PATHS = (
					"$(inherited)",
					"@executable_path/Frameworks",
				);
				MARKETING_VERSION = 1.0;
				PRODUCT_BUNDLE_IDENTIFIER = com.fujii.jiifu.calender;
				PRODUCT_NAME = "$(TARGET_NAME)";
				SWIFT_EMIT_LOC_STRINGS = YES;
				SWIFT_VERSION = 5.0;
				TARGETED_DEVICE_FAMILY = "1,2";
			};
			name = Debug;
		};
		BA9137AE28D814F700F8BAD7 /* Release */ = {
			isa = XCBuildConfiguration;
			buildSettings = {
				ASSETCATALOG_COMPILER_APPICON_NAME = AppIcon;
				ASSETCATALOG_COMPILER_GLOBAL_ACCENT_COLOR_NAME = AccentColor;
				CODE_SIGN_STYLE = Automatic;
				CURRENT_PROJECT_VERSION = 1;
				DEVELOPMENT_TEAM = 6RF7SCN9V3;
				GENERATE_INFOPLIST_FILE = YES;
				INFOPLIST_FILE = calender/Info.plist;
				INFOPLIST_KEY_UIApplicationSupportsIndirectInputEvents = YES;
				INFOPLIST_KEY_UILaunchStoryboardName = LaunchScreen;
				INFOPLIST_KEY_UIMainStoryboardFile = Main;
				INFOPLIST_KEY_UISupportedInterfaceOrientations_iPad = "UIInterfaceOrientationPortrait UIInterfaceOrientationPortraitUpsideDown UIInterfaceOrientationLandscapeLeft UIInterfaceOrientationLandscapeRight";
				INFOPLIST_KEY_UISupportedInterfaceOrientations_iPhone = "UIInterfaceOrientationPortrait UIInterfaceOrientationLandscapeLeft UIInterfaceOrientationLandscapeRight";
				LD_RUNPATH_SEARCH_PATHS = (
					"$(inherited)",
					"@executable_path/Frameworks",
				);
				MARKETING_VERSION = 1.0;
				PRODUCT_BUNDLE_IDENTIFIER = com.fujii.jiifu.calender;
				PRODUCT_NAME = "$(TARGET_NAME)";
				SWIFT_EMIT_LOC_STRINGS = YES;
				SWIFT_VERSION = 5.0;
				TARGETED_DEVICE_FAMILY = "1,2";
			};
			name = Release;
		};
/* End XCBuildConfiguration section */

/* Begin XCConfigurationList section */
		BA91379328D814F600F8BAD7 /* Build configuration list for PBXProject "calender" */ = {
			isa = XCConfigurationList;
			buildConfigurations = (
				BA9137AA28D814F700F8BAD7 /* Debug */,
				BA9137AB28D814F700F8BAD7 /* Release */,
			);
			defaultConfigurationIsVisible = 0;
			defaultConfigurationName = Release;
		};
		BA9137AC28D814F700F8BAD7 /* Build configuration list for PBXNativeTarget "calender" */ = {
			isa = XCConfigurationList;
			buildConfigurations = (
				BA9137AD28D814F700F8BAD7 /* Debug */,
				BA9137AE28D814F700F8BAD7 /* Release */,
			);
			defaultConfigurationIsVisible = 0;
			defaultConfigurationName = Release;
		};
/* End XCConfigurationList section */

/* Begin XCRemoteSwiftPackageReference section */
		BA9137AF28D8159700F8BAD7 /* XCRemoteSwiftPackageReference "JTAppleCalendar" */ = {
			isa = XCRemoteSwiftPackageReference;
			repositoryURL = "https://github.com/patchthecode/JTAppleCalendar";
			requirement = {
				kind = upToNextMajorVersion;
				minimumVersion = 8.0.0;
			};
		};
/* End XCRemoteSwiftPackageReference section */

/* Begin XCSwiftPackageProductDependency section */
		BA9137B028D8159700F8BAD7 /* JTAppleCalendar */ = {
			isa = XCSwiftPackageProductDependency;
			package = BA9137AF28D8159700F8BAD7 /* XCRemoteSwiftPackageReference "JTAppleCalendar" */;
			productName = JTAppleCalendar;
		};
/* End XCSwiftPackageProductDependency section */
	};
	rootObject = BA91379028D814F600F8BAD7 /* Project object */;
}
